
Microsoft Visual Studio Solution File, Format Version 12.00
# Visual Studio Version 17
VisualStudioVersion = 17.7.34024.191
MinimumVisualStudioVersion = 10.0.40219.1
Project("{FAE04EC0-301F-11D3-BF4B-00C04F79EFBC}") = "CRUD-BACKEND", "CRUD-BACKEND.csproj", "{8697428A-ED74-4AFF-8F7E-035BBF7CF5E2}"
EndProject
Global
	GlobalSection(SolutionConfigurationPlatforms) = preSolution
		Debug|Any CPU = Debug|Any CPU
		Release|Any CPU = Release|Any CPU
	EndGlobalSection
	GlobalSection(ProjectConfigurationPlatforms) = postSolution
		{8697428A-ED74-4AFF-8F7E-035BBF7CF5E2}.Debug|Any CPU.ActiveCfg = Debug|Any CPU
		{8697428A-ED74-4AFF-8F7E-035BBF7CF5E2}.Debug|Any CPU.Build.0 = Debug|Any CPU
		{8697428A-ED74-4AFF-8F7E-035BBF7CF5E2}.Release|Any CPU.ActiveCfg = Release|Any CPU
		{8697428A-ED74-4AFF-8F7E-035BBF7CF5E2}.Release|Any CPU.Build.0 = Release|Any CPU
	EndGlobalSection
	GlobalSection(SolutionProperties) = preSolution
		HideSolutionNode = FALSE
	EndGlobalSection
	GlobalSection(ExtensibilityGlobals) = postSolution
		SolutionGuid = {10B1B0C1-8624-4690-B8E9-93CF48D37D4D}
	EndGlobalSection
EndGlobal
